// !$*UTF8*$!
{
	archiveVersion = 1;
	classes = {
	};
	objectVersion = 50;
	objects = {

/* Begin PBXBuildFile section */
		043A6A9729DE4D3D00F22CCA /* LocationsPreviewView.swift in Sources */ = {isa = PBXBuildFile; fileRef = 043A6A9629DE4D3D00F22CCA /* LocationsPreviewView.swift */; };
		043A6A9A29DE764900F22CCA /* LocationPinView.swift in Sources */ = {isa = PBXBuildFile; fileRef = 043A6A9929DE764900F22CCA /* LocationPinView.swift */; };
		043A6A9D29E0AF0E00F22CCA /* LocationDescriptionView.swift in Sources */ = {isa = PBXBuildFile; fileRef = 043A6A9C29E0AF0E00F22CCA /* LocationDescriptionView.swift */; };
		04521CE529DC6E31002D16AE /* SwiftUIMap.swift in Sources */ = {isa = PBXBuildFile; fileRef = 04521CE429DC6E31002D16AE /* SwiftUIMap.swift */; };
		04521CE729DC6E31002D16AE /* ContentView.swift in Sources */ = {isa = PBXBuildFile; fileRef = 04521CE629DC6E31002D16AE /* ContentView.swift */; };
		04521CEC29DC6E35002D16AE /* Preview Assets.xcassets in Resources */ = {isa = PBXBuildFile; fileRef = 04521CEB29DC6E35002D16AE /* Preview Assets.xcassets */; };
		04521CF629DC6E99002D16AE /* Assets.xcassets in Resources */ = {isa = PBXBuildFile; fileRef = 04521CF529DC6E99002D16AE /* Assets.xcassets */; };
		04521CFC29DC6FAD002D16AE /* Location.swift in Sources */ = {isa = PBXBuildFile; fileRef = 04521CFB29DC6FAD002D16AE /* Location.swift */; };
		04521D0129DC7094002D16AE /* LocationsDataService.swift in Sources */ = {isa = PBXBuildFile; fileRef = 04521D0029DC7094002D16AE /* LocationsDataService.swift */; };
		04521D0429DC74F0002D16AE /* LocationsView.swift in Sources */ = {isa = PBXBuildFile; fileRef = 04521D0329DC74F0002D16AE /* LocationsView.swift */; };
		04521D0729DC7519002D16AE /* LocationsViewModel.swift in Sources */ = {isa = PBXBuildFile; fileRef = 04521D0629DC7519002D16AE /* LocationsViewModel.swift */; };
		04521D0B29DCC8FA002D16AE /* LocationListView.swift in Sources */ = {isa = PBXBuildFile; fileRef = 04521D0A29DCC8FA002D16AE /* LocationListView.swift */; };
/* End PBXBuildFile section */

/* Begin PBXFileReference section */
		043A6A9629DE4D3D00F22CCA /* LocationsPreviewView.swift */ = {isa = PBXFileReference; lastKnownFileType = sourcecode.swift; path = LocationsPreviewView.swift; sourceTree = "<group>"; };
		043A6A9929DE764900F22CCA /* LocationPinView.swift */ = {isa = PBXFileReference; lastKnownFileType = sourcecode.swift; path = LocationPinView.swift; sourceTree = "<group>"; };
		043A6A9C29E0AF0E00F22CCA /* LocationDescriptionView.swift */ = {isa = PBXFileReference; lastKnownFileType = sourcecode.swift; path = LocationDescriptionView.swift; sourceTree = "<group>"; };
		04521CE129DC6E31002D16AE /* SwiftUIMapApp.app */ = {isa = PBXFileReference; explicitFileType = wrapper.application; includeInIndex = 0; path = SwiftUIMapApp.app; sourceTree = BUILT_PRODUCTS_DIR; };
		04521CE429DC6E31002D16AE /* SwiftUIMap.swift */ = {isa = PBXFileReference; lastKnownFileType = sourcecode.swift; path = SwiftUIMap.swift; sourceTree = "<group>"; };
		04521CE629DC6E31002D16AE /* ContentView.swift */ = {isa = PBXFileReference; lastKnownFileType = sourcecode.swift; path = ContentView.swift; sourceTree = "<group>"; };
		04521CEB29DC6E35002D16AE /* Preview Assets.xcassets */ = {isa = PBXFileReference; lastKnownFileType = folder.assetcatalog; path = "Preview Assets.xcassets"; sourceTree = "<group>"; };
		04521CED29DC6E35002D16AE /* Info.plist */ = {isa = PBXFileReference; lastKnownFileType = text.plist.xml; path = Info.plist; sourceTree = "<group>"; };
		04521CF529DC6E99002D16AE /* Assets.xcassets */ = {isa = PBXFileReference; lastKnownFileType = folder.assetcatalog; path = Assets.xcassets; sourceTree = "<group>"; };
		04521CFB29DC6FAD002D16AE /* Location.swift */ = {isa = PBXFileReference; lastKnownFileType = sourcecode.swift; path = Location.swift; sourceTree = "<group>"; };
		04521D0029DC7094002D16AE /* LocationsDataService.swift */ = {isa = PBXFileReference; fileEncoding = 4; lastKnownFileType = sourcecode.swift; path = LocationsDataService.swift; sourceTree = "<group>"; };
		04521D0329DC74F0002D16AE /* LocationsView.swift */ = {isa = PBXFileReference; lastKnownFileType = sourcecode.swift; path = LocationsView.swift; sourceTree = "<group>"; };
		04521D0629DC7519002D16AE /* LocationsViewModel.swift */ = {isa = PBXFileReference; lastKnownFileType = sourcecode.swift; path = LocationsViewModel.swift; sourceTree = "<group>"; };
		04521D0A29DCC8FA002D16AE /* LocationListView.swift */ = {isa = PBXFileReference; lastKnownFileType = sourcecode.swift; path = LocationListView.swift; sourceTree = "<group>"; };
/* End PBXFileReference section */

/* Begin PBXFrameworksBuildPhase section */
		04521CDE29DC6E31002D16AE /* Frameworks */ = {
			isa = PBXFrameworksBuildPhase;
			buildActionMask = 2147483647;
			files = (
			);
			runOnlyForDeploymentPostprocessing = 0;
		};
/* End PBXFrameworksBuildPhase section */

/* Begin PBXGroup section */
		04521CD829DC6E31002D16AE = {
			isa = PBXGroup;
			children = (
				04521CE329DC6E31002D16AE /* SwiftUIMapApp */,
				04521CE229DC6E31002D16AE /* Products */,
			);
			sourceTree = "<group>";
		};
		04521CE229DC6E31002D16AE /* Products */ = {
			isa = PBXGroup;
			children = (
				04521CE129DC6E31002D16AE /* SwiftUIMapApp.app */,
			);
			name = Products;
			sourceTree = "<group>";
		};
		04521CE329DC6E31002D16AE /* SwiftUIMapApp */ = {
			isa = PBXGroup;
			children = (
				04521CE429DC6E31002D16AE /* SwiftUIMap.swift */,
				04521CE629DC6E31002D16AE /* ContentView.swift */,
				04521CFF29DC707B002D16AE /* DataServices */,
				04521CFA29DC6F79002D16AE /* ViewModel */,
				04521CF929DC6F69002D16AE /* Views */,
				04521CF829DC6F5B002D16AE /* Models */,
				04521CED29DC6E35002D16AE /* Info.plist */,
				04521CF529DC6E99002D16AE /* Assets.xcassets */,
				04521CEA29DC6E35002D16AE /* Preview Content */,
			);
			path = SwiftUIMapApp;
			sourceTree = "<group>";
		};
		04521CEA29DC6E35002D16AE /* Preview Content */ = {
			isa = PBXGroup;
			children = (
				04521CEB29DC6E35002D16AE /* Preview Assets.xcassets */,
			);
			path = "Preview Content";
			sourceTree = "<group>";
		};
		04521CF829DC6F5B002D16AE /* Models */ = {
			isa = PBXGroup;
			children = (
				04521CFB29DC6FAD002D16AE /* Location.swift */,
			);
			path = Models;
			sourceTree = "<group>";
		};
		04521CF929DC6F69002D16AE /* Views */ = {
			isa = PBXGroup;
			children = (
				04521D0329DC74F0002D16AE /* LocationsView.swift */,
				04521D0A29DCC8FA002D16AE /* LocationListView.swift */,
				043A6A9629DE4D3D00F22CCA /* LocationsPreviewView.swift */,
				043A6A9929DE764900F22CCA /* LocationPinView.swift */,
				043A6A9C29E0AF0E00F22CCA /* LocationDescriptionView.swift */,
			);
			path = Views;
			sourceTree = "<group>";
		};
		04521CFA29DC6F79002D16AE /* ViewModel */ = {
			isa = PBXGroup;
			children = (
				04521D0629DC7519002D16AE /* LocationsViewModel.swift */,
			);
			path = ViewModel;
			sourceTree = "<group>";
		};
		04521CFF29DC707B002D16AE /* DataServices */ = {
			isa = PBXGroup;
			children = (
				04521D0029DC7094002D16AE /* LocationsDataService.swift */,
			);
			path = DataServices;
			sourceTree = "<group>";
		};
/* End PBXGroup section */

/* Begin PBXNativeTarget section */
		04521CE029DC6E31002D16AE /* SwiftUIMapApp */ = {
			isa = PBXNativeTarget;
			buildConfigurationList = 04521CF029DC6E35002D16AE /* Build configuration list for PBXNativeTarget "SwiftUIMapApp" */;
			buildPhases = (
				04521CDD29DC6E31002D16AE /* Sources */,
				04521CDE29DC6E31002D16AE /* Frameworks */,
				04521CDF29DC6E31002D16AE /* Resources */,
			);
			buildRules = (
			);
			dependencies = (
			);
			name = SwiftUIMapApp;
			productName = SwiftUIMapApp;
			productReference = 04521CE129DC6E31002D16AE /* SwiftUIMapApp.app */;
			productType = "com.apple.product-type.application";
		};
/* End PBXNativeTarget section */

/* Begin PBXProject section */
		04521CD929DC6E31002D16AE /* Project object */ = {
			isa = PBXProject;
			attributes = {
				LastSwiftUpdateCheck = 1240;
				LastUpgradeCheck = 1240;
				TargetAttributes = {
					04521CE029DC6E31002D16AE = {
						CreatedOnToolsVersion = 12.4;
					};
				};
			};
			buildConfigurationList = 04521CDC29DC6E31002D16AE /* Build configuration list for PBXProject "SwiftUIMapApp" */;
			compatibilityVersion = "Xcode 9.3";
			developmentRegion = en;
			hasScannedForEncodings = 0;
			knownRegions = (
				en,
				Base,
			);
			mainGroup = 04521CD829DC6E31002D16AE;
			productRefGroup = 04521CE229DC6E31002D16AE /* Products */;
			projectDirPath = "";
			projectRoot = "";
			targets = (
				04521CE029DC6E31002D16AE /* SwiftUIMapApp */,
			);
		};
/* End PBXProject section */

/* Begin PBXResourcesBuildPhase section */
		04521CDF29DC6E31002D16AE /* Resources */ = {
			isa = PBXResourcesBuildPhase;
			buildActionMask = 2147483647;
			files = (
				04521CF629DC6E99002D16AE /* Assets.xcassets in Resources */,
				04521CEC29DC6E35002D16AE /* Preview Assets.xcassets in Resources */,
			);
			runOnlyForDeploymentPostprocessing = 0;
		};
/* End PBXResourcesBuildPhase section */

/* Begin PBXSourcesBuildPhase section */
		04521CDD29DC6E31002D16AE /* Sources */ = {
			isa = PBXSourcesBuildPhase;
			buildActionMask = 2147483647;
			files = (
				043A6A9D29E0AF0E00F22CCA /* LocationDescriptionView.swift in Sources */,
				04521D0129DC7094002D16AE /* LocationsDataService.swift in Sources */,
				04521D0729DC7519002D16AE /* LocationsViewModel.swift in Sources */,
				04521CE729DC6E31002D16AE /* ContentView.swift in Sources */,
				04521D0429DC74F0002D16AE /* LocationsView.swift in Sources */,
				043A6A9A29DE764900F22CCA /* LocationPinView.swift in Sources */,
				04521D0B29DCC8FA002D16AE /* LocationListView.swift in Sources */,
				04521CFC29DC6FAD002D16AE /* Location.swift in Sources */,
				043A6A9729DE4D3D00F22CCA /* LocationsPreviewView.swift in Sources */,
				04521CE529DC6E31002D16AE /* SwiftUIMap.swift in Sources */,
			);
			runOnlyForDeploymentPostprocessing = 0;
		};
/* End PBXSourcesBuildPhase section */

/* Begin XCBuildConfiguration section */
		04521CEE29DC6E35002D16AE /* Debug */ = {
			isa = XCBuildConfiguration;
			buildSettings = {
				ALWAYS_SEARCH_USER_PATHS = NO;
				CLANG_ANALYZER_NONNULL = YES;
				CLANG_ANALYZER_NUMBER_OBJECT_CONVERSION = YES_AGGRESSIVE;
				CLANG_CXX_LANGUAGE_STANDARD = "gnu++14";
				CLANG_CXX_LIBRARY = "libc++";
				CLANG_ENABLE_MODULES = YES;
				CLANG_ENABLE_OBJC_ARC = YES;
				CLANG_ENABLE_OBJC_WEAK = YES;
				CLANG_WARN_BLOCK_CAPTURE_AUTORELEASING = YES;
				CLANG_WARN_BOOL_CONVERSION = YES;
				CLANG_WARN_COMMA = YES;
				CLANG_WARN_CONSTANT_CONVERSION = YES;
				CLANG_WARN_DEPRECATED_OBJC_IMPLEMENTATIONS = YES;
				CLANG_WARN_DIRECT_OBJC_ISA_USAGE = YES_ERROR;
				CLANG_WARN_DOCUMENTATION_COMMENTS = YES;
				CLANG_WARN_EMPTY_BODY = YES;
				CLANG_WARN_ENUM_CONVERSION = YES;
				CLANG_WARN_INFINITE_RECURSION = YES;
				CLANG_WARN_INT_CONVERSION = YES;
				CLANG_WARN_NON_LITERAL_NULL_CONVERSION = YES;
				CLANG_WARN_OBJC_IMPLICIT_RETAIN_SELF = YES;
				CLANG_WARN_OBJC_LITERAL_CONVERSION = YES;
				CLANG_WARN_OBJC_ROOT_CLASS = YES_ERROR;
				CLANG_WARN_QUOTED_INCLUDE_IN_FRAMEWORK_HEADER = YES;
				CLANG_WARN_RANGE_LOOP_ANALYSIS = YES;
				CLANG_WARN_STRICT_PROTOTYPES = YES;
				CLANG_WARN_SUSPICIOUS_MOVE = YES;
				CLANG_WARN_UNGUARDED_AVAILABILITY = YES_AGGRESSIVE;
				CLANG_WARN_UNREACHABLE_CODE = YES;
				CLANG_WARN__DUPLICATE_METHOD_MATCH = YES;
				COPY_PHASE_STRIP = NO;
				DEBUG_INFORMATION_FORMAT = dwarf;
				ENABLE_STRICT_OBJC_MSGSEND = YES;
				ENABLE_TESTABILITY = YES;
				GCC_C_LANGUAGE_STANDARD = gnu11;
				GCC_DYNAMIC_NO_PIC = NO;
				GCC_NO_COMMON_BLOCKS = YES;
				GCC_OPTIMIZATION_LEVEL = 0;
				GCC_PREPROCESSOR_DEFINITIONS = (
					"DEBUG=1",
					"$(inherited)",
				);
				GCC_WARN_64_TO_32_BIT_CONVERSION = YES;
				GCC_WARN_ABOUT_RETURN_TYPE = YES_ERROR;
				GCC_WARN_UNDECLARED_SELECTOR = YES;
				GCC_WARN_UNINITIALIZED_AUTOS = YES_AGGRESSIVE;
				GCC_WARN_UNUSED_FUNCTION = YES;
				GCC_WARN_UNUSED_VARIABLE = YES;
				IPHONEOS_DEPLOYMENT_TARGET = 14.4;
				MTL_ENABLE_DEBUG_INFO = INCLUDE_SOURCE;
				MTL_FAST_MATH = YES;
				ONLY_ACTIVE_ARCH = YES;
				SDKROOT = iphoneos;
				SWIFT_ACTIVE_COMPILATION_CONDITIONS = DEBUG;
				SWIFT_OPTIMIZATION_LEVEL = "-Onone";
			};
			name = Debug;
		};
		04521CEF29DC6E35002D16AE /* Release */ = {
			isa = XCBuildConfiguration;
			buildSettings = {
				ALWAYS_SEARCH_USER_PATHS = NO;
				CLANG_ANALYZER_NONNULL = YES;
				CLANG_ANALYZER_NUMBER_OBJECT_CONVERSION = YES_AGGRESSIVE;
				CLANG_CXX_LANGUAGE_STANDARD = "gnu++14";
				CLANG_CXX_LIBRARY = "libc++";
				CLANG_ENABLE_MODULES = YES;
				CLANG_ENABLE_OBJC_ARC = YES;
				CLANG_ENABLE_OBJC_WEAK = YES;
				CLANG_WARN_BLOCK_CAPTURE_AUTORELEASING = YES;
				CLANG_WARN_BOOL_CONVERSION = YES;
				CLANG_WARN_COMMA = YES;
				CLANG_WARN_CONSTANT_CONVERSION = YES;
				CLANG_WARN_DEPRECATED_OBJC_IMPLEMENTATIONS = YES;
				CLANG_WARN_DIRECT_OBJC_ISA_USAGE = YES_ERROR;
				CLANG_WARN_DOCUMENTATION_COMMENTS = YES;
				CLANG_WARN_EMPTY_BODY = YES;
				CLANG_WARN_ENUM_CONVERSION = YES;
				CLANG_WARN_INFINITE_RECURSION = YES;
				CLANG_WARN_INT_CONVERSION = YES;
				CLANG_WARN_NON_LITERAL_NULL_CONVERSION = YES;
				CLANG_WARN_OBJC_IMPLICIT_RETAIN_SELF = YES;
				CLANG_WARN_OBJC_LITERAL_CONVERSION = YES;
				CLANG_WARN_OBJC_ROOT_CLASS = YES_ERROR;
				CLANG_WARN_QUOTED_INCLUDE_IN_FRAMEWORK_HEADER = YES;
				CLANG_WARN_RANGE_LOOP_ANALYSIS = YES;
				CLANG_WARN_STRICT_PROTOTYPES = YES;
				CLANG_WARN_SUSPICIOUS_MOVE = YES;
				CLANG_WARN_UNGUARDED_AVAILABILITY = YES_AGGRESSIVE;
				CLANG_WARN_UNREACHABLE_CODE = YES;
				CLANG_WARN__DUPLICATE_METHOD_MATCH = YES;
				COPY_PHASE_STRIP = NO;
				DEBUG_INFORMATION_FORMAT = "dwarf-with-dsym";
				ENABLE_NS_ASSERTIONS = NO;
				ENABLE_STRICT_OBJC_MSGSEND = YES;
				GCC_C_LANGUAGE_STANDARD = gnu11;
				GCC_NO_COMMON_BLOCKS = YES;
				GCC_WARN_64_TO_32_BIT_CONVERSION = YES;
				GCC_WARN_ABOUT_RETURN_TYPE = YES_ERROR;
				GCC_WARN_UNDECLARED_SELECTOR = YES;
				GCC_WARN_UNINITIALIZED_AUTOS = YES_AGGRESSIVE;
				GCC_WARN_UNUSED_FUNCTION = YES;
				GCC_WARN_UNUSED_VARIABLE = YES;
				IPHONEOS_DEPLOYMENT_TARGET = 14.4;
				MTL_ENABLE_DEBUG_INFO = NO;
				MTL_FAST_MATH = YES;
				SDKROOT = iphoneos;
				SWIFT_COMPILATION_MODE = wholemodule;
				SWIFT_OPTIMIZATION_LEVEL = "-O";
				VALIDATE_PRODUCT = YES;
			};
			name = Release;
		};
		04521CF129DC6E35002D16AE /* Debug */ = {
			isa = XCBuildConfiguration;
			buildSettings = {
				ASSETCATALOG_COMPILER_APPICON_NAME = AppIcon;
				ASSETCATALOG_COMPILER_GLOBAL_ACCENT_COLOR_NAME = AccentColor;
				CODE_SIGN_STYLE = Automatic;
				DEVELOPMENT_ASSET_PATHS = "\"SwiftUIMapApp/Preview Content\"";
				ENABLE_PREVIEWS = YES;
				INFOPLIST_FILE = SwiftUIMapApp/Info.plist;
				IPHONEOS_DEPLOYMENT_TARGET = 14.0;
				LD_RUNPATH_SEARCH_PATHS = (
					"$(inherited)",
					"@executable_path/Frameworks",
				);
				PRODUCT_BUNDLE_IDENTIFIER = mustafa.dawood.SwiftUIMapApp;
				PRODUCT_NAME = "$(TARGET_NAME)";
				SWIFT_VERSION = 5.0;
				TARGETED_DEVICE_FAMILY = "1,2";
			};
			name = Debug;
		};
		04521CF229DC6E35002D16AE /* Release */ = {
			isa = XCBuildConfiguration;
			buildSettings = {
				ASSETCATALOG_COMPILER_APPICON_NAME = AppIcon;
				ASSETCATALOG_COMPILER_GLOBAL_ACCENT_COLOR_NAME = AccentColor;
				CODE_SIGN_STYLE = Automatic;
				DEVELOPMENT_ASSET_PATHS = "\"SwiftUIMapApp/Preview Content\"";
				ENABLE_PREVIEWS = YES;
				INFOPLIST_FILE = SwiftUIMapApp/Info.plist;
				IPHONEOS_DEPLOYMENT_TARGET = 14.0;
				LD_RUNPATH_SEARCH_PATHS = (
					"$(inherited)",
					"@executable_path/Frameworks",
				);
				PRODUCT_BUNDLE_IDENTIFIER = mustafa.dawood.SwiftUIMapApp;
				PRODUCT_NAME = "$(TARGET_NAME)";
				SWIFT_VERSION = 5.0;
				TARGETED_DEVICE_FAMILY = "1,2";
			};
			name = Release;
		};
/* End XCBuildConfiguration section */

/* Begin XCConfigurationList section */
		04521CDC29DC6E31002D16AE /* Build configuration list for PBXProject "SwiftUIMapApp" */ = {
			isa = XCConfigurationList;
			buildConfigurations = (
				04521CEE29DC6E35002D16AE /* Debug */,
				04521CEF29DC6E35002D16AE /* Release */,
			);
			defaultConfigurationIsVisible = 0;
			defaultConfigurationName = Release;
		};
		04521CF029DC6E35002D16AE /* Build configuration list for PBXNativeTarget "SwiftUIMapApp" */ = {
			isa = XCConfigurationList;
			buildConfigurations = (
				04521CF129DC6E35002D16AE /* Debug */,
				04521CF229DC6E35002D16AE /* Release */,
			);
			defaultConfigurationIsVisible = 0;
			defaultConfigurationName = Release;
		};
/* End XCConfigurationList section */
	};
	rootObject = 04521CD929DC6E31002D16AE /* Project object */;
}
